
Microsoft Visual Studio Solution File, Format Version 12.00
# Visual Studio Version 17
VisualStudioVersion = 17.3.32901.215
MinimumVisualStudioVersion = 10.0.40219.1
Project("{FAE04EC0-301F-11D3-BF4B-00C04F79EFBC}") = "DemoEmployee", "DemoEmployee\DemoEmployee.csproj", "{0972F9BB-FDC9-41F6-8554-1E07C03A9A12}"
EndProject
Global
	GlobalSection(SolutionConfigurationPlatforms) = preSolution
		Debug|Any CPU = Debug|Any CPU
		Release|Any CPU = Release|Any CPU
	EndGlobalSection
	GlobalSection(ProjectConfigurationPlatforms) = postSolution
		{0972F9BB-FDC9-41F6-8554-1E07C03A9A12}.Debug|Any CPU.ActiveCfg = Debug|Any CPU
		{0972F9BB-FDC9-41F6-8554-1E07C03A9A12}.Debug|Any CPU.Build.0 = Debug|Any CPU
		{0972F9BB-FDC9-41F6-8554-1E07C03A9A12}.Release|Any CPU.ActiveCfg = Release|Any CPU
		{0972F9BB-FDC9-41F6-8554-1E07C03A9A12}.Release|Any CPU.Build.0 = Release|Any CPU
	EndGlobalSection
	GlobalSection(SolutionProperties) = preSolution
		HideSolutionNode = FALSE
	EndGlobalSection
	GlobalSection(ExtensibilityGlobals) = postSolution
		SolutionGuid = {6E430A4C-F8FE-4EFB-B897-7B0CEA7CE838}
	EndGlobalSection
EndGlobal
