
Microsoft Visual Studio Solution File, Format Version 12.00
# Visual Studio Version 17
VisualStudioVersion = 17.3.32901.215
MinimumVisualStudioVersion = 10.0.40219.1
Project("{9A19103F-16F7-4668-BE54-9A1E7A4F7556}") = "AutomobileLibary", "AutomobileLibary\AutomobileLibary.csproj", "{69A58FC7-1DD0-4D10-9E3A-249E165BD36A}"
EndProject
Project("{2150E333-8FDC-42A3-9474-1A3956D46DE8}") = "Solution Items", "Solution Items", "{F7BCDF36-EE03-40A5-A8A9-43FA9DAD9D92}"
EndProject
Global
	GlobalSection(SolutionConfigurationPlatforms) = preSolution
		Debug|Any CPU = Debug|Any CPU
		Release|Any CPU = Release|Any CPU
	EndGlobalSection
	GlobalSection(ProjectConfigurationPlatforms) = postSolution
		{69A58FC7-1DD0-4D10-9E3A-249E165BD36A}.Debug|Any CPU.ActiveCfg = Debug|Any CPU
		{69A58FC7-1DD0-4D10-9E3A-249E165BD36A}.Debug|Any CPU.Build.0 = Debug|Any CPU
		{69A58FC7-1DD0-4D10-9E3A-249E165BD36A}.Release|Any CPU.ActiveCfg = Release|Any CPU
		{69A58FC7-1DD0-4D10-9E3A-249E165BD36A}.Release|Any CPU.Build.0 = Release|Any CPU
	EndGlobalSection
	GlobalSection(SolutionProperties) = preSolution
		HideSolutionNode = FALSE
	EndGlobalSection
	GlobalSection(ExtensibilityGlobals) = postSolution
		SolutionGuid = {3E71552D-55A6-41B6-AFA2-1532E6636BB0}
	EndGlobalSection
EndGlobal
